
Microsoft Visual Studio Solution File, Format Version 12.00
# Visual Studio Version 16
VisualStudioVersion = 16.0.31205.134
MinimumVisualStudioVersion = 10.0.40219.1
Project("{FAE04EC0-301F-11D3-BF4B-00C04F79EFBC}") = "D15Sample1", "D15Sample1.csproj", "{310D42EC-DE03-4457-AF05-1DCCB2A57357}"
EndProject
Global
	GlobalSection(SolutionConfigurationPlatforms) = preSolution
		Debug|Any CPU = Debug|Any CPU
		Release|Any CPU = Release|Any CPU
	EndGlobalSection
	GlobalSection(ProjectConfigurationPlatforms) = postSolution
		{310D42EC-DE03-4457-AF05-1DCCB2A57357}.Debug|Any CPU.ActiveCfg = Debug|Any CPU
		{310D42EC-DE03-4457-AF05-1DCCB2A57357}.Debug|Any CPU.Build.0 = Debug|Any CPU
		{310D42EC-DE03-4457-AF05-1DCCB2A57357}.Release|Any CPU.ActiveCfg = Release|Any CPU
		{310D42EC-DE03-4457-AF05-1DCCB2A57357}.Release|Any CPU.Build.0 = Release|Any CPU
	EndGlobalSection
	GlobalSection(SolutionProperties) = preSolution
		HideSolutionNode = FALSE
	EndGlobalSection
	GlobalSection(ExtensibilityGlobals) = postSolution
		SolutionGuid = {DE9EB01D-E013-40A9-9A5E-A00CE4FB1F0A}
	EndGlobalSection
EndGlobal
